
Microsoft Visual Studio Solution File, Format Version 11.00
# Visual Studio 2010
Project("{FAE04EC0-301F-11D3-BF4B-00C04F79EFBC}") = "Assembly-CSharp", "Assembly-CSharp.csproj", "{9AEFBDA2-3E74-431B-ABDE-C178634319BA}"
EndProject
Project("{FAE04EC0-301F-11D3-BF4B-00C04F79EFBC}") = "Assembly-CSharp-firstpass", "Assembly-CSharp-firstpass.csproj", "{B6D49AAA-4D8A-518B-0E29-DAD7F0B54530}"
EndProject
Project("{FAE04EC0-301F-11D3-BF4B-00C04F79EFBC}") = "Assembly-CSharp-Editor", "Assembly-CSharp-Editor.csproj", "{2EE6A36B-2C71-CB43-64AB-822E7BBD205E}"
EndProject
Global
	GlobalSection(SolutionConfigurationPlatforms) = preSolution
		Debug|Any CPU = Debug|Any CPU
		Release|Any CPU = Release|Any CPU
	EndGlobalSection
	GlobalSection(ProjectConfigurationPlatforms) = postSolution
		{9AEFBDA2-3E74-431B-ABDE-C178634319BA}.Debug|Any CPU.ActiveCfg = Debug|Any CPU
		{9AEFBDA2-3E74-431B-ABDE-C178634319BA}.Debug|Any CPU.Build.0 = Debug|Any CPU
		{9AEFBDA2-3E74-431B-ABDE-C178634319BA}.Release|Any CPU.ActiveCfg = Release|Any CPU
		{9AEFBDA2-3E74-431B-ABDE-C178634319BA}.Release|Any CPU.Build.0 = Release|Any CPU
		{B6D49AAA-4D8A-518B-0E29-DAD7F0B54530}.Debug|Any CPU.ActiveCfg = Debug|Any CPU
		{B6D49AAA-4D8A-518B-0E29-DAD7F0B54530}.Debug|Any CPU.Build.0 = Debug|Any CPU
		{B6D49AAA-4D8A-518B-0E29-DAD7F0B54530}.Release|Any CPU.ActiveCfg = Release|Any CPU
		{B6D49AAA-4D8A-518B-0E29-DAD7F0B54530}.Release|Any CPU.Build.0 = Release|Any CPU
		{2EE6A36B-2C71-CB43-64AB-822E7BBD205E}.Debug|Any CPU.ActiveCfg = Debug|Any CPU
		{2EE6A36B-2C71-CB43-64AB-822E7BBD205E}.Debug|Any CPU.Build.0 = Debug|Any CPU
		{2EE6A36B-2C71-CB43-64AB-822E7BBD205E}.Release|Any CPU.ActiveCfg = Release|Any CPU
		{2EE6A36B-2C71-CB43-64AB-822E7BBD205E}.Release|Any CPU.Build.0 = Release|Any CPU
	EndGlobalSection
	GlobalSection(SolutionProperties) = preSolution
		HideSolutionNode = FALSE
	EndGlobalSection
EndGlobal
